
Microsoft Visual Studio Solution File, Format Version 12.00
# Visual Studio Version 17
VisualStudioVersion = 17.0.31903.59
MinimumVisualStudioVersion = 10.0.40219.1
Project("{FAE04EC0-301F-11D3-BF4B-00C04F79EFBC}") = "TechNotes", "TechNotes\TechNotes.csproj", "{F929426A-936E-4D92-99D2-60289B611C20}"
EndProject
Project("{FAE04EC0-301F-11D3-BF4B-00C04F79EFBC}") = "TechNotes.Domain", "TechNotes.Domain\TechNotes.Domain.csproj", "{F434DD78-EA23-4C60-BC20-723E6078C1D7}"
EndProject
Project("{FAE04EC0-301F-11D3-BF4B-00C04F79EFBC}") = "TechNotes.Application", "TechNotes.Application\TechNotes.Application.csproj", "{96AD397B-C8A8-419F-9048-C0D33E4953AB}"
EndProject
Project("{FAE04EC0-301F-11D3-BF4B-00C04F79EFBC}") = "TechNotes.Infrastructure", "TechNotes.Infrastructure\TechNotes.Infrastructure.csproj", "{60E95BD2-A3BA-44AD-BAE3-217EA7026444}"
EndProject
Project("{FAE04EC0-301F-11D3-BF4B-00C04F79EFBC}") = "TechNotes.Client", "TechNotes.Client\TechNotes.Client.csproj", "{BF05AA0E-ED89-403D-A996-5C1E17359072}"
EndProject
Global
	GlobalSection(SolutionConfigurationPlatforms) = preSolution
		Debug|Any CPU = Debug|Any CPU
		Release|Any CPU = Release|Any CPU
	EndGlobalSection
	GlobalSection(SolutionProperties) = preSolution
		HideSolutionNode = FALSE
	EndGlobalSection
	GlobalSection(ProjectConfigurationPlatforms) = postSolution
		{F929426A-936E-4D92-99D2-60289B611C20}.Debug|Any CPU.ActiveCfg = Debug|Any CPU
		{F929426A-936E-4D92-99D2-60289B611C20}.Debug|Any CPU.Build.0 = Debug|Any CPU
		{F929426A-936E-4D92-99D2-60289B611C20}.Release|Any CPU.ActiveCfg = Release|Any CPU
		{F929426A-936E-4D92-99D2-60289B611C20}.Release|Any CPU.Build.0 = Release|Any CPU
		{F434DD78-EA23-4C60-BC20-723E6078C1D7}.Debug|Any CPU.ActiveCfg = Debug|Any CPU
		{F434DD78-EA23-4C60-BC20-723E6078C1D7}.Debug|Any CPU.Build.0 = Debug|Any CPU
		{F434DD78-EA23-4C60-BC20-723E6078C1D7}.Release|Any CPU.ActiveCfg = Release|Any CPU
		{F434DD78-EA23-4C60-BC20-723E6078C1D7}.Release|Any CPU.Build.0 = Release|Any CPU
		{96AD397B-C8A8-419F-9048-C0D33E4953AB}.Debug|Any CPU.ActiveCfg = Debug|Any CPU
		{96AD397B-C8A8-419F-9048-C0D33E4953AB}.Debug|Any CPU.Build.0 = Debug|Any CPU
		{96AD397B-C8A8-419F-9048-C0D33E4953AB}.Release|Any CPU.ActiveCfg = Release|Any CPU
		{96AD397B-C8A8-419F-9048-C0D33E4953AB}.Release|Any CPU.Build.0 = Release|Any CPU
		{60E95BD2-A3BA-44AD-BAE3-217EA7026444}.Debug|Any CPU.ActiveCfg = Debug|Any CPU
		{60E95BD2-A3BA-44AD-BAE3-217EA7026444}.Debug|Any CPU.Build.0 = Debug|Any CPU
		{60E95BD2-A3BA-44AD-BAE3-217EA7026444}.Release|Any CPU.ActiveCfg = Release|Any CPU
		{60E95BD2-A3BA-44AD-BAE3-217EA7026444}.Release|Any CPU.Build.0 = Release|Any CPU
		{BF05AA0E-ED89-403D-A996-5C1E17359072}.Debug|Any CPU.ActiveCfg = Debug|Any CPU
		{BF05AA0E-ED89-403D-A996-5C1E17359072}.Debug|Any CPU.Build.0 = Debug|Any CPU
		{BF05AA0E-ED89-403D-A996-5C1E17359072}.Release|Any CPU.ActiveCfg = Release|Any CPU
		{BF05AA0E-ED89-403D-A996-5C1E17359072}.Release|Any CPU.Build.0 = Release|Any CPU
	EndGlobalSection
EndGlobal
